Microsoft Visual Studio Solution File, Format Version 12.00
# Visual Studio Version 17
VisualStudioVersion = 17.5.2.0
MinimumVisualStudioVersion = 10.0.40219.1
Project("{FAE04EC0-301F-11D3-BF4B-00C04F79EFBC}") = "barcode_scanner", "barcode_scanner.csproj", "{76765B71-54C4-4D53-54FE-820C01503329}"
EndProject
Global
	GlobalSection(SolutionConfigurationPlatforms) = preSolution
		Debug|Any CPU = Debug|Any CPU
		Release|Any CPU = Release|Any CPU
	EndGlobalSection
	GlobalSection(ProjectConfigurationPlatforms) = postSolution
		{76765B71-54C4-4D53-54FE-820C01503329}.Debug|Any CPU.ActiveCfg = Debug|Any CPU
		{76765B71-54C4-4D53-54FE-820C01503329}.Debug|Any CPU.Build.0 = Debug|Any CPU
		{76765B71-54C4-4D53-54FE-820C01503329}.Release|Any CPU.ActiveCfg = Release|Any CPU
		{76765B71-54C4-4D53-54FE-820C01503329}.Release|Any CPU.Build.0 = Release|Any CPU
	EndGlobalSection
	GlobalSection(SolutionProperties) = preSolution
		HideSolutionNode = FALSE
	EndGlobalSection
	GlobalSection(ExtensibilityGlobals) = postSolution
		SolutionGuid = {BA95771F-0A63-40E7-9CE2-AAF030A09437}
	EndGlobalSection
EndGlobal
